PODS:
  - Alamofire (5.5.0)
  - GitHubMoyaMoya (0.1.0):
    - Moya/RxSwift (~> 15.0.0)
    - MoyaSugar (~> 1.3.3)
  - Moya (15.0.0):
    - Moya/Core (= 15.0.0)
  - Moya/Core (15.0.0):
    - Alamofire (~> 5.0)
  - Moya/RxSwift (15.0.0):
    - Moya/Core
    - RxSwift (~> 6.0)
  - MoyaSugar (1.3.3):
    - MoyaSugar/Core (= 1.3.3)
  - MoyaSugar/Core (1.3.3):
    - Moya (>= 14.0.0-beta.2)
  - RxSwift (6.5.0)

DEPENDENCIES:
  - GitHubMoyaMoya (from `../`)

SPEC REPOS:
  trunk:
    - Alamofire
    - Moya
    - MoyaSugar
    - RxSwift

EXTERNAL SOURCES:
  GitHubMoyaMoya:
    :path: "../"

SPEC CHECKSUMS:
  Alamofire: 1c4fb5369c3fe93d2857c780d8bbe09f06f97e7c
  GitHubMoyaMoya: c5ed015c7c9b4a3e52009943e2b8ddf8e82c387c
  Moya: 138f0573e53411fb3dc17016add0b748dfbd78ee
  MoyaSugar: 63390c557e038c087dc4bcc8a9f9fda69647ce43
  RxSwift: 5710a9e6b17f3c3d6e40d6e559b9fa1e813b2ef8

PODFILE CHECKSUM: 43230ff5b488931582dd7c48e14634c40935bf23

COCOAPODS: 1.11.2
